
Microsoft Visual Studio Solution File, Format Version 12.00
# Visual Studio Version 17
VisualStudioVersion = 17.14.36401.2 d17.14
MinimumVisualStudioVersion = 10.0.40219.1
Project("{FAE04EC0-301F-11D3-BF4B-00C04F79EFBC}") = "Tutorial_2_4", "Tutorial_2_4\Tutorial_2_4.csproj", "{30BF46C2-0A08-442D-8D14-263C0F95E892}"
EndProject
Global
	GlobalSection(SolutionConfigurationPlatforms) = preSolution
		Debug|Any CPU = Debug|Any CPU
		Release|Any CPU = Release|Any CPU
	EndGlobalSection
	GlobalSection(ProjectConfigurationPlatforms) = postSolution
		{30BF46C2-0A08-442D-8D14-263C0F95E892}.Debug|Any CPU.ActiveCfg = Debug|Any CPU
		{30BF46C2-0A08-442D-8D14-263C0F95E892}.Debug|Any CPU.Build.0 = Debug|Any CPU
		{30BF46C2-0A08-442D-8D14-263C0F95E892}.Release|Any CPU.ActiveCfg = Release|Any CPU
		{30BF46C2-0A08-442D-8D14-263C0F95E892}.Release|Any CPU.Build.0 = Release|Any CPU
	EndGlobalSection
	GlobalSection(SolutionProperties) = preSolution
		HideSolutionNode = FALSE
	EndGlobalSection
	GlobalSection(ExtensibilityGlobals) = postSolution
		SolutionGuid = {66FBDD97-8EDA-4B49-B501-66C20B2AABC6}
	EndGlobalSection
EndGlobal
